// !$*UTF8*$!
{
	archiveVersion = 1;
	classes = {
	};
	objectVersion = 46;
	objects = {

/* Begin PBXBuildFile section */
		12A98B9C1E13881300408434 /* RestaurantDetailTableViewCell.swift in Sources */ = {isa = PBXBuildFile; fileRef = 12A98B9B1E13881300408434 /* RestaurantDetailTableViewCell.swift */; };
		12A98B9E1E14BCB400408434 /* ReviewViewController.swift in Sources */ = {isa = PBXBuildFile; fileRef = 12A98B9D1E14BCB400408434 /* ReviewViewController.swift */; };
		12A98BA11E14DD4600408434 /* MapKit.framework in Frameworks */ = {isa = PBXBuildFile; fileRef = 12A98BA01E14DD4600408434 /* MapKit.framework */; };
		12A98BA31E14F44200408434 /* MapViewController.swift in Sources */ = {isa = PBXBuildFile; fileRef = 12A98BA21E14F44200408434 /* MapViewController.swift */; };
		12A98BA51E162A9100408434 /* AddRestaurantController.swift in Sources */ = {isa = PBXBuildFile; fileRef = 12A98BA41E162A9100408434 /* AddRestaurantController.swift */; };
		12A98BD21E165C8800408434 /* FoodPin.xcdatamodeld in Sources */ = {isa = PBXBuildFile; fileRef = 12A98BD01E165C8800408434 /* FoodPin.xcdatamodeld */; };
		12A98BD41E1BE51800408434 /* WalkthroughContentViewController.swift in Sources */ = {isa = PBXBuildFile; fileRef = 12A98BD31E1BE51800408434 /* WalkthroughContentViewController.swift */; };
		12DB632E1E120B6E006C001A /* AppDelegate.swift in Sources */ = {isa = PBXBuildFile; fileRef = 12DB632D1E120B6E006C001A /* AppDelegate.swift */; };
		12DB63331E120B6E006C001A /* Main.storyboard in Resources */ = {isa = PBXBuildFile; fileRef = 12DB63311E120B6E006C001A /* Main.storyboard */; };
		12DB63351E120B6E006C001A /* Assets.xcassets in Resources */ = {isa = PBXBuildFile; fileRef = 12DB63341E120B6E006C001A /* Assets.xcassets */; };
		12DB63381E120B6E006C001A /* LaunchScreen.storyboard in Resources */ = {isa = PBXBuildFile; fileRef = 12DB63361E120B6E006C001A /* LaunchScreen.storyboard */; };
		12DB63401E120EE5006C001A /* RestaurantTableViewController.swift in Sources */ = {isa = PBXBuildFile; fileRef = 12DB633F1E120EE5006C001A /* RestaurantTableViewController.swift */; };
		12DB63421E122928006C001A /* RestaurantTableViewCell.swift in Sources */ = {isa = PBXBuildFile; fileRef = 12DB63411E122928006C001A /* RestaurantTableViewCell.swift */; };
		12DB63441E13657E006C001A /* RestaurantDetailViewController.swift in Sources */ = {isa = PBXBuildFile; fileRef = 12DB63431E13657E006C001A /* RestaurantDetailViewController.swift */; };
		12DB63461E136E5F006C001A /* Restaurant.swift in Sources */ = {isa = PBXBuildFile; fileRef = 12DB63451E136E5F006C001A /* Restaurant.swift */; };
/* End PBXBuildFile section */

/* Begin PBXFileReference section */
		12A98B9B1E13881300408434 /* RestaurantDetailTableViewCell.swift */ = {isa = PBXFileReference; fileEncoding = 4; lastKnownFileType = sourcecode.swift; path = RestaurantDetailTableViewCell.swift; sourceTree = "<group>"; };
		12A98B9D1E14BCB400408434 /* ReviewViewController.swift */ = {isa = PBXFileReference; fileEncoding = 4; lastKnownFileType = sourcecode.swift; path = ReviewViewController.swift; sourceTree = "<group>"; };
		12A98BA01E14DD4600408434 /* MapKit.framework */ = {isa = PBXFileReference; lastKnownFileType = wrapper.framework; name = MapKit.framework; path = System/Library/Frameworks/MapKit.framework; sourceTree = SDKROOT; };
		12A98BA21E14F44200408434 /* MapViewController.swift */ = {isa = PBXFileReference; fileEncoding = 4; lastKnownFileType = sourcecode.swift; path = MapViewController.swift; sourceTree = "<group>"; };
		12A98BA41E162A9100408434 /* AddRestaurantController.swift */ = {isa = PBXFileReference; fileEncoding = 4; lastKnownFileType = sourcecode.swift; path = AddRestaurantController.swift; sourceTree = "<group>"; };
		12A98BD11E165C8800408434 /* FoodPin.xcdatamodel */ = {isa = PBXFileReference; lastKnownFileType = wrapper.xcdatamodel; path = FoodPin.xcdatamodel; sourceTree = "<group>"; };
		12A98BD31E1BE51800408434 /* WalkthroughContentViewController.swift */ = {isa = PBXFileReference; fileEncoding = 4; lastKnownFileType = sourcecode.swift; path = WalkthroughContentViewController.swift; sourceTree = "<group>"; };
		12DB632A1E120B6E006C001A /* FoodPin.app */ = {isa = PBXFileReference; explicitFileType = wrapper.application; includeInIndex = 0; path = FoodPin.app; sourceTree = BUILT_PRODUCTS_DIR; };
		12DB632D1E120B6E006C001A /* AppDelegate.swift */ = {isa = PBXFileReference; lastKnownFileType = sourcecode.swift; path = AppDelegate.swift; sourceTree = "<group>"; };
		12DB63321E120B6E006C001A /* Base */ = {isa = PBXFileReference; lastKnownFileType = file.storyboard; name = Base; path = Base.lproj/Main.storyboard; sourceTree = "<group>"; };
		12DB63341E120B6E006C001A /* Assets.xcassets */ = {isa = PBXFileReference; lastKnownFileType = folder.assetcatalog; path = Assets.xcassets; sourceTree = "<group>"; };
		12DB63371E120B6E006C001A /* Base */ = {isa = PBXFileReference; lastKnownFileType = file.storyboard; name = Base; path = Base.lproj/LaunchScreen.storyboard; sourceTree = "<group>"; };
		12DB63391E120B6E006C001A /* Info.plist */ = {isa = PBXFileReference; lastKnownFileType = text.plist.xml; path = Info.plist; sourceTree = "<group>"; };
		12DB633F1E120EE5006C001A /* RestaurantTableViewController.swift */ = {isa = PBXFileReference; fileEncoding = 4; lastKnownFileType = sourcecode.swift; path = RestaurantTableViewController.swift; sourceTree = "<group>"; };
		12DB63411E122928006C001A /* RestaurantTableViewCell.swift */ = {isa = PBXFileReference; fileEncoding = 4; lastKnownFileType = sourcecode.swift; path = RestaurantTableViewCell.swift; sourceTree = "<group>"; };
		12DB63431E13657E006C001A /* RestaurantDetailViewController.swift */ = {isa = PBXFileReference; fileEncoding = 4; lastKnownFileType = sourcecode.swift; path = RestaurantDetailViewController.swift; sourceTree = "<group>"; };
		12DB63451E136E5F006C001A /* Restaurant.swift */ = {isa = PBXFileReference; fileEncoding = 4; lastKnownFileType = sourcecode.swift; path = Restaurant.swift; sourceTree = "<group>"; };
/* End PBXFileReference section */

/* Begin PBXFrameworksBuildPhase section */
		12DB63271E120B6E006C001A /* Frameworks */ = {
			isa = PBXFrameworksBuildPhase;
			buildActionMask = 2147483647;
			files = (
				12A98BA11E14DD4600408434 /* MapKit.framework in Frameworks */,
			);
			runOnlyForDeploymentPostprocessing = 0;
		};
/* End PBXFrameworksBuildPhase section */

/* Begin PBXGroup section */
		12A98B9F1E14DD4600408434 /* Frameworks */ = {
			isa = PBXGroup;
			children = (
				12A98BA01E14DD4600408434 /* MapKit.framework */,
			);
			name = Frameworks;
			sourceTree = "<group>";
		};
		12DB63211E120B6E006C001A = {
			isa = PBXGroup;
			children = (
				12DB632C1E120B6E006C001A /* FoodPin */,
				12DB632B1E120B6E006C001A /* Products */,
				12A98B9F1E14DD4600408434 /* Frameworks */,
			);
			sourceTree = "<group>";
		};
		12DB632B1E120B6E006C001A /* Products */ = {
			isa = PBXGroup;
			children = (
				12DB632A1E120B6E006C001A /* FoodPin.app */,
			);
			name = Products;
			sourceTree = "<group>";
		};
		12DB632C1E120B6E006C001A /* FoodPin */ = {
			isa = PBXGroup;
			children = (
				12DB632D1E120B6E006C001A /* AppDelegate.swift */,
				12DB63311E120B6E006C001A /* Main.storyboard */,
				12DB63451E136E5F006C001A /* Restaurant.swift */,
				12A98BD01E165C8800408434 /* FoodPin.xcdatamodeld */,
				12DB633F1E120EE5006C001A /* RestaurantTableViewController.swift */,
				12A98BA41E162A9100408434 /* AddRestaurantController.swift */,
				12A98BD31E1BE51800408434 /* WalkthroughContentViewController.swift */,
				12DB63431E13657E006C001A /* RestaurantDetailViewController.swift */,
				12A98B9D1E14BCB400408434 /* ReviewViewController.swift */,
				12A98BA21E14F44200408434 /* MapViewController.swift */,
				12A98B9B1E13881300408434 /* RestaurantDetailTableViewCell.swift */,
				12DB63411E122928006C001A /* RestaurantTableViewCell.swift */,
				12DB63341E120B6E006C001A /* Assets.xcassets */,
				12DB63361E120B6E006C001A /* LaunchScreen.storyboard */,
				12DB63391E120B6E006C001A /* Info.plist */,
			);
			path = FoodPin;
			sourceTree = "<group>";
		};
/* End PBXGroup section */

/* Begin PBXNativeTarget section */
		12DB63291E120B6E006C001A /* FoodPin */ = {
			isa = PBXNativeTarget;
			buildConfigurationList = 12DB633C1E120B6E006C001A /* Build configuration list for PBXNativeTarget "FoodPin" */;
			buildPhases = (
				12DB63261E120B6E006C001A /* Sources */,
				12DB63271E120B6E006C001A /* Frameworks */,
				12DB63281E120B6E006C001A /* Resources */,
			);
			buildRules = (
			);
			dependencies = (
			);
			name = FoodPin;
			productName = FoodPin;
			productReference = 12DB632A1E120B6E006C001A /* FoodPin.app */;
			productType = "com.apple.product-type.application";
		};
/* End PBXNativeTarget section */

/* Begin PBXProject section */
		12DB63221E120B6E006C001A /* Project object */ = {
			isa = PBXProject;
			attributes = {
				LastSwiftUpdateCheck = 0820;
				LastUpgradeCheck = 0820;
				ORGANIZATIONNAME = AppCoda;
				TargetAttributes = {
					12DB63291E120B6E006C001A = {
						CreatedOnToolsVersion = 8.2.1;
						DevelopmentTeam = D399LYAEG5;
						ProvisioningStyle = Automatic;
						SystemCapabilities = {
							com.apple.Maps.iOS = {
								enabled = 1;
							};
						};
					};
				};
			};
			buildConfigurationList = 12DB63251E120B6E006C001A /* Build configuration list for PBXProject "FoodPin" */;
			compatibilityVersion = "Xcode 3.2";
			developmentRegion = English;
			hasScannedForEncodings = 0;
			knownRegions = (
				en,
				Base,
			);
			mainGroup = 12DB63211E120B6E006C001A;
			productRefGroup = 12DB632B1E120B6E006C001A /* Products */;
			projectDirPath = "";
			projectRoot = "";
			targets = (
				12DB63291E120B6E006C001A /* FoodPin */,
			);
		};
/* End PBXProject section */

/* Begin PBXResourcesBuildPhase section */
		12DB63281E120B6E006C001A /* Resources */ = {
			isa = PBXResourcesBuildPhase;
			buildActionMask = 2147483647;
			files = (
				12DB63381E120B6E006C001A /* LaunchScreen.storyboard in Resources */,
				12DB63351E120B6E006C001A /* Assets.xcassets in Resources */,
				12DB63331E120B6E006C001A /* Main.storyboard in Resources */,
			);
			runOnlyForDeploymentPostprocessing = 0;
		};
/* End PBXResourcesBuildPhase section */

/* Begin PBXSourcesBuildPhase section */
		12DB63261E120B6E006C001A /* Sources */ = {
			isa = PBXSourcesBuildPhase;
			buildActionMask = 2147483647;
			files = (
				12A98BA51E162A9100408434 /* AddRestaurantController.swift in Sources */,
				12DB63461E136E5F006C001A /* Restaurant.swift in Sources */,
				12DB63401E120EE5006C001A /* RestaurantTableViewController.swift in Sources */,
				12A98B9E1E14BCB400408434 /* ReviewViewController.swift in Sources */,
				12DB63421E122928006C001A /* RestaurantTableViewCell.swift in Sources */,
				12A98BD41E1BE51800408434 /* WalkthroughContentViewController.swift in Sources */,
				12A98BD21E165C8800408434 /* FoodPin.xcdatamodeld in Sources */,
				12A98B9C1E13881300408434 /* RestaurantDetailTableViewCell.swift in Sources */,
				12DB63441E13657E006C001A /* RestaurantDetailViewController.swift in Sources */,
				12DB632E1E120B6E006C001A /* AppDelegate.swift in Sources */,
				12A98BA31E14F44200408434 /* MapViewController.swift in Sources */,
			);
			runOnlyForDeploymentPostprocessing = 0;
		};
/* End PBXSourcesBuildPhase section */

/* Begin PBXVariantGroup section */
		12DB63311E120B6E006C001A /* Main.storyboard */ = {
			isa = PBXVariantGroup;
			children = (
				12DB63321E120B6E006C001A /* Base */,
			);
			name = Main.storyboard;
			sourceTree = "<group>";
		};
		12DB63361E120B6E006C001A /* LaunchScreen.storyboard */ = {
			isa = PBXVariantGroup;
			children = (
				12DB63371E120B6E006C001A /* Base */,
			);
			name = LaunchScreen.storyboard;
			sourceTree = "<group>";
		};
/* End PBXVariantGroup section */

/* Begin XCBuildConfiguration section */
		12DB633A1E120B6E006C001A /* Debug */ = {
			isa = XCBuildConfiguration;
			buildSettings = {
				ALWAYS_SEARCH_USER_PATHS = NO;
				CLANG_ANALYZER_NONNULL = YES;
				CLANG_CXX_LANGUAGE_STANDARD = "gnu++0x";
				CLANG_CXX_LIBRARY = "libc++";
				CLANG_ENABLE_MODULES = YES;
				CLANG_ENABLE_OBJC_ARC = YES;
				CLANG_WARN_BOOL_CONVERSION = YES;
				CLANG_WARN_CONSTANT_CONVERSION = YES;
				CLANG_WARN_DIRECT_OBJC_ISA_USAGE = YES_ERROR;
				CLANG_WARN_DOCUMENTATION_COMMENTS = YES;
				CLANG_WARN_EMPTY_BODY = YES;
				CLANG_WARN_ENUM_CONVERSION = YES;
				CLANG_WARN_INFINITE_RECURSION = YES;
				CLANG_WARN_INT_CONVERSION = YES;
				CLANG_WARN_OBJC_ROOT_CLASS = YES_ERROR;
				CLANG_WARN_SUSPICIOUS_MOVE = YES;
				CLANG_WARN_UNREACHABLE_CODE = YES;
				CLANG_WARN__DUPLICATE_METHOD_MATCH = YES;
				"CODE_SIGN_IDENTITY[sdk=iphoneos*]" = "iPhone Developer";
				COPY_PHASE_STRIP = NO;
				DEBUG_INFORMATION_FORMAT = dwarf;
				ENABLE_STRICT_OBJC_MSGSEND = YES;
				ENABLE_TESTABILITY = YES;
				GCC_C_LANGUAGE_STANDARD = gnu99;
				GCC_DYNAMIC_NO_PIC = NO;
				GCC_NO_COMMON_BLOCKS = YES;
				GCC_OPTIMIZATION_LEVEL = 0;
				GCC_PREPROCESSOR_DEFINITIONS = (
					"DEBUG=1",
					"$(inherited)",
				);
				GCC_WARN_64_TO_32_BIT_CONVERSION = YES;
				GCC_WARN_ABOUT_RETURN_TYPE = YES_ERROR;
				GCC_WARN_UNDECLARED_SELECTOR = YES;
				GCC_WARN_UNINITIALIZED_AUTOS = YES_AGGRESSIVE;
				GCC_WARN_UNUSED_FUNCTION = YES;
				GCC_WARN_UNUSED_VARIABLE = YES;
				IPHONEOS_DEPLOYMENT_TARGET = 10.2;
				MTL_ENABLE_DEBUG_INFO = YES;
				ONLY_ACTIVE_ARCH = YES;
				SDKROOT = iphoneos;
				SWIFT_ACTIVE_COMPILATION_CONDITIONS = DEBUG;
				SWIFT_OPTIMIZATION_LEVEL = "-Onone";
			};
			name = Debug;
		};
		12DB633B1E120B6E006C001A /* Release */ = {
			isa = XCBuildConfiguration;
			buildSettings = {
				ALWAYS_SEARCH_USER_PATHS = NO;
				CLANG_ANALYZER_NONNULL = YES;
				CLANG_CXX_LANGUAGE_STANDARD = "gnu++0x";
				CLANG_CXX_LIBRARY = "libc++";
				CLANG_ENABLE_MODULES = YES;
				CLANG_ENABLE_OBJC_ARC = YES;
				CLANG_WARN_BOOL_CONVERSION = YES;
				CLANG_WARN_CONSTANT_CONVERSION = YES;
				CLANG_WARN_DIRECT_OBJC_ISA_USAGE = YES_ERROR;
				CLANG_WARN_DOCUMENTATION_COMMENTS = YES;
				CLANG_WARN_EMPTY_BODY = YES;
				CLANG_WARN_ENUM_CONVERSION = YES;
				CLANG_WARN_INFINITE_RECURSION = YES;
				CLANG_WARN_INT_CONVERSION = YES;
				CLANG_WARN_OBJC_ROOT_CLASS = YES_ERROR;
				CLANG_WARN_SUSPICIOUS_MOVE = YES;
				CLANG_WARN_UNREACHABLE_CODE = YES;
				CLANG_WARN__DUPLICATE_METHOD_MATCH = YES;
				"CODE_SIGN_IDENTITY[sdk=iphoneos*]" = "iPhone Developer";
				COPY_PHASE_STRIP = NO;
				DEBUG_INFORMATION_FORMAT = "dwarf-with-dsym";
				ENABLE_NS_ASSERTIONS = NO;
				ENABLE_STRICT_OBJC_MSGSEND = YES;
				GCC_C_LANGUAGE_STANDARD = gnu99;
				GCC_NO_COMMON_BLOCKS = YES;
				GCC_WARN_64_TO_32_BIT_CONVERSION = YES;
				GCC_WARN_ABOUT_RETURN_TYPE = YES_ERROR;
				GCC_WARN_UNDECLARED_SELECTOR = YES;
				GCC_WARN_UNINITIALIZED_AUTOS = YES_AGGRESSIVE;
				GCC_WARN_UNUSED_FUNCTION = YES;
				GCC_WARN_UNUSED_VARIABLE = YES;
				IPHONEOS_DEPLOYMENT_TARGET = 10.2;
				MTL_ENABLE_DEBUG_INFO = NO;
				SDKROOT = iphoneos;
				SWIFT_OPTIMIZATION_LEVEL = "-Owholemodule";
				VALIDATE_PRODUCT = YES;
			};
			name = Release;
		};
		12DB633D1E120B6E006C001A /* Debug */ = {
			isa = XCBuildConfiguration;
			buildSettings = {
				ASSETCATALOG_COMPILER_APPICON_NAME = AppIcon;
				DEVELOPMENT_TEAM = D399LYAEG5;
				INFOPLIST_FILE = FoodPin/Info.plist;
				LD_RUNPATH_SEARCH_PATHS = "$(inherited) @executable_path/Frameworks";
				PRODUCT_BUNDLE_IDENTIFIER = com.jungwook.FoodPin;
				PRODUCT_NAME = "$(TARGET_NAME)";
				SWIFT_VERSION = 3.0;
			};
			name = Debug;
		};
		12DB633E1E120B6E006C001A /* Release */ = {
			isa = XCBuildConfiguration;
			buildSettings = {
				ASSETCATALOG_COMPILER_APPICON_NAME = AppIcon;
				DEVELOPMENT_TEAM = D399LYAEG5;
				INFOPLIST_FILE = FoodPin/Info.plist;
				LD_RUNPATH_SEARCH_PATHS = "$(inherited) @executable_path/Frameworks";
				PRODUCT_BUNDLE_IDENTIFIER = com.jungwook.FoodPin;
				PRODUCT_NAME = "$(TARGET_NAME)";
				SWIFT_VERSION = 3.0;
			};
			name = Release;
		};
/* End XCBuildConfiguration section */

/* Begin XCConfigurationList section */
		12DB63251E120B6E006C001A /* Build configuration list for PBXProject "FoodPin" */ = {
			isa = XCConfigurationList;
			buildConfigurations = (
				12DB633A1E120B6E006C001A /* Debug */,
				12DB633B1E120B6E006C001A /* Release */,
			);
			defaultConfigurationIsVisible = 0;
			defaultConfigurationName = Release;
		};
		12DB633C1E120B6E006C001A /* Build configuration list for PBXNativeTarget "FoodPin" */ = {
			isa = XCConfigurationList;
			buildConfigurations = (
				12DB633D1E120B6E006C001A /* Debug */,
				12DB633E1E120B6E006C001A /* Release */,
			);
			defaultConfigurationIsVisible = 0;
			defaultConfigurationName = Release;
		};
/* End XCConfigurationList section */

/* Begin XCVersionGroup section */
		12A98BD01E165C8800408434 /* FoodPin.xcdatamodeld */ = {
			isa = XCVersionGroup;
			children = (
				12A98BD11E165C8800408434 /* FoodPin.xcdatamodel */,
			);
			currentVersion = 12A98BD11E165C8800408434 /* FoodPin.xcdatamodel */;
			path = FoodPin.xcdatamodeld;
			sourceTree = "<group>";
			versionGroupType = wrapper.xcdatamodel;
		};
/* End XCVersionGroup section */
	};
	rootObject = 12DB63221E120B6E006C001A /* Project object */;
}
